{
  "requires": true,
  "lockfileVersion": 1,
  "dependencies": {
    "gitbook-plugin-collapsible-chapters": {
      "version": "0.1.8",
      "resolved": "https://registry.npmjs.org/gitbook-plugin-collapsible-chapters/-/gitbook-plugin-collapsible-chapters-0.1.8.tgz",
      "integrity": "sha1-dxVcYcrBlRch2L9Es/ImphoeZcU="
    }
  }
}
